// !$*UTF8*$!
{
	archiveVersion = 1;
	classes = {
	};
	objectVersion = 48;
	objects = {

/* Begin PBXBuildFile section */
		A74C4A321F83FA03006EDFD2 /* AppDelegate.swift in Sources */ = {isa = PBXBuildFile; fileRef = A74C4A311F83FA03006EDFD2 /* AppDelegate.swift */; };
		A74C4A341F83FA03006EDFD2 /* ViewController.swift in Sources */ = {isa = PBXBuildFile; fileRef = A74C4A331F83FA03006EDFD2 /* ViewController.swift */; };
		A74C4A371F83FA03006EDFD2 /* Main.storyboard in Resources */ = {isa = PBXBuildFile; fileRef = A74C4A351F83FA03006EDFD2 /* Main.storyboard */; };
		A74C4A391F83FA03006EDFD2 /* Assets.xcassets in Resources */ = {isa = PBXBuildFile; fileRef = A74C4A381F83FA03006EDFD2 /* Assets.xcassets */; };
		A74C4A3C1F83FA04006EDFD2 /* LaunchScreen.storyboard in Resources */ = {isa = PBXBuildFile; fileRef = A74C4A3A1F83FA04006EDFD2 /* LaunchScreen.storyboard */; };
/* End PBXBuildFile section */

/* Begin PBXFileReference section */
		A74C4A2E1F83FA03006EDFD2 /* CrossDirectionalNestedScrollView.app */ = {isa = PBXFileReference; explicitFileType = wrapper.application; includeInIndex = 0; path = CrossDirectionalNestedScrollView.app; sourceTree = BUILT_PRODUCTS_DIR; };
		A74C4A311F83FA03006EDFD2 /* AppDelegate.swift */ = {isa = PBXFileReference; lastKnownFileType = sourcecode.swift; path = AppDelegate.swift; sourceTree = "<group>"; };
		A74C4A331F83FA03006EDFD2 /* ViewController.swift */ = {isa = PBXFileReference; lastKnownFileType = sourcecode.swift; path = ViewController.swift; sourceTree = "<group>"; };
		A74C4A361F83FA03006EDFD2 /* Base */ = {isa = PBXFileReference; lastKnownFileType = file.storyboard; name = Base; path = Base.lproj/Main.storyboard; sourceTree = "<group>"; };
		A74C4A381F83FA03006EDFD2 /* Assets.xcassets */ = {isa = PBXFileReference; lastKnownFileType = folder.assetcatalog; path = Assets.xcassets; sourceTree = "<group>"; };
		A74C4A3B1F83FA04006EDFD2 /* Base */ = {isa = PBXFileReference; lastKnownFileType = file.storyboard; name = Base; path = Base.lproj/LaunchScreen.storyboard; sourceTree = "<group>"; };
		A74C4A3D1F83FA04006EDFD2 /* Info.plist */ = {isa = PBXFileReference; lastKnownFileType = text.plist.xml; path = Info.plist; sourceTree = "<group>"; };
/* End PBXFileReference section */

/* Begin PBXFrameworksBuildPhase section */
		A74C4A2B1F83FA03006EDFD2 /* Frameworks */ = {
			isa = PBXFrameworksBuildPhase;
			buildActionMask = 2147483647;
			files = (
			);
			runOnlyForDeploymentPostprocessing = 0;
		};
/* End PBXFrameworksBuildPhase section */

/* Begin PBXGroup section */
		A74C4A251F83FA03006EDFD2 = {
			isa = PBXGroup;
			children = (
				A74C4A301F83FA03006EDFD2 /* CrossDirectionalNestedScrollView */,
				A74C4A2F1F83FA03006EDFD2 /* Products */,
			);
			sourceTree = "<group>";
		};
		A74C4A2F1F83FA03006EDFD2 /* Products */ = {
			isa = PBXGroup;
			children = (
				A74C4A2E1F83FA03006EDFD2 /* CrossDirectionalNestedScrollView.app */,
			);
			name = Products;
			sourceTree = "<group>";
		};
		A74C4A301F83FA03006EDFD2 /* CrossDirectionalNestedScrollView */ = {
			isa = PBXGroup;
			children = (
				A74C4A311F83FA03006EDFD2 /* AppDelegate.swift */,
				A74C4A331F83FA03006EDFD2 /* ViewController.swift */,
				A74C4A351F83FA03006EDFD2 /* Main.storyboard */,
				A74C4A381F83FA03006EDFD2 /* Assets.xcassets */,
				A74C4A3A1F83FA04006EDFD2 /* LaunchScreen.storyboard */,
				A74C4A3D1F83FA04006EDFD2 /* Info.plist */,
			);
			path = CrossDirectionalNestedScrollView;
			sourceTree = "<group>";
		};
/* End PBXGroup section */

/* Begin PBXNativeTarget section */
		A74C4A2D1F83FA03006EDFD2 /* CrossDirectionalNestedScrollView */ = {
			isa = PBXNativeTarget;
			buildConfigurationList = A74C4A401F83FA04006EDFD2 /* Build configuration list for PBXNativeTarget "CrossDirectionalNestedScrollView" */;
			buildPhases = (
				A74C4A2A1F83FA03006EDFD2 /* Sources */,
				A74C4A2B1F83FA03006EDFD2 /* Frameworks */,
				A74C4A2C1F83FA03006EDFD2 /* Resources */,
			);
			buildRules = (
			);
			dependencies = (
			);
			name = CrossDirectionalNestedScrollView;
			productName = CrossDirectionalNestedScrollView;
			productReference = A74C4A2E1F83FA03006EDFD2 /* CrossDirectionalNestedScrollView.app */;
			productType = "com.apple.product-type.application";
		};
/* End PBXNativeTarget section */

/* Begin PBXProject section */
		A74C4A261F83FA03006EDFD2 /* Project object */ = {
			isa = PBXProject;
			attributes = {
				LastSwiftUpdateCheck = 0900;
				LastUpgradeCheck = 0900;
				ORGANIZATIONNAME = Darragh;
				TargetAttributes = {
					A74C4A2D1F83FA03006EDFD2 = {
						CreatedOnToolsVersion = 9.0;
						ProvisioningStyle = Automatic;
					};
				};
			};
			buildConfigurationList = A74C4A291F83FA03006EDFD2 /* Build configuration list for PBXProject "CrossDirectionalNestedScrollView" */;
			compatibilityVersion = "Xcode 8.0";
			developmentRegion = en;
			hasScannedForEncodings = 0;
			knownRegions = (
				en,
				Base,
			);
			mainGroup = A74C4A251F83FA03006EDFD2;
			productRefGroup = A74C4A2F1F83FA03006EDFD2 /* Products */;
			projectDirPath = "";
			projectRoot = "";
			targets = (
				A74C4A2D1F83FA03006EDFD2 /* CrossDirectionalNestedScrollView */,
			);
		};
/* End PBXProject section */

/* Begin PBXResourcesBuildPhase section */
		A74C4A2C1F83FA03006EDFD2 /* Resources */ = {
			isa = PBXResourcesBuildPhase;
			buildActionMask = 2147483647;
			files = (
				A74C4A3C1F83FA04006EDFD2 /* LaunchScreen.storyboard in Resources */,
				A74C4A391F83FA03006EDFD2 /* Assets.xcassets in Resources */,
				A74C4A371F83FA03006EDFD2 /* Main.storyboard in Resources */,
			);
			runOnlyForDeploymentPostprocessing = 0;
		};
/* End PBXResourcesBuildPhase section */

/* Begin PBXSourcesBuildPhase section */
		A74C4A2A1F83FA03006EDFD2 /* Sources */ = {
			isa = PBXSourcesBuildPhase;
			buildActionMask = 2147483647;
			files = (
				A74C4A341F83FA03006EDFD2 /* ViewController.swift in Sources */,
				A74C4A321F83FA03006EDFD2 /* AppDelegate.swift in Sources */,
			);
			runOnlyForDeploymentPostprocessing = 0;
		};
/* End PBXSourcesBuildPhase section */

/* Begin PBXVariantGroup section */
		A74C4A351F83FA03006EDFD2 /* Main.storyboard */ = {
			isa = PBXVariantGroup;
			children = (
				A74C4A361F83FA03006EDFD2 /* Base */,
			);
			name = Main.storyboard;
			sourceTree = "<group>";
		};
		A74C4A3A1F83FA04006EDFD2 /* LaunchScreen.storyboard */ = {
			isa = PBXVariantGroup;
			children = (
				A74C4A3B1F83FA04006EDFD2 /* Base */,
			);
			name = LaunchScreen.storyboard;
			sourceTree = "<group>";
		};
/* End PBXVariantGroup section */

/* Begin XCBuildConfiguration section */
		A74C4A3E1F83FA04006EDFD2 /* Debug */ = {
			isa = XCBuildConfiguration;
			buildSettings = {
				ALWAYS_SEARCH_USER_PATHS = NO;
				CLANG_ANALYZER_NONNULL = YES;
				CLANG_ANALYZER_NUMBER_OBJECT_CONVERSION = YES_AGGRESSIVE;
				CLANG_CXX_LANGUAGE_STANDARD = "gnu++14";
				CLANG_CXX_LIBRARY = "libc++";
				CLANG_ENABLE_MODULES = YES;
				CLANG_ENABLE_OBJC_ARC = YES;
				CLANG_WARN_BLOCK_CAPTURE_AUTORELEASING = YES;
				CLANG_WARN_BOOL_CONVERSION = YES;
				CLANG_WARN_COMMA = YES;
				CLANG_WARN_CONSTANT_CONVERSION = YES;
				CLANG_WARN_DIRECT_OBJC_ISA_USAGE = YES_ERROR;
				CLANG_WARN_DOCUMENTATION_COMMENTS = YES;
				CLANG_WARN_EMPTY_BODY = YES;
				CLANG_WARN_ENUM_CONVERSION = YES;
				CLANG_WARN_INFINITE_RECURSION = YES;
				CLANG_WARN_INT_CONVERSION = YES;
				CLANG_WARN_NON_LITERAL_NULL_CONVERSION = YES;
				CLANG_WARN_OBJC_LITERAL_CONVERSION = YES;
				CLANG_WARN_OBJC_ROOT_CLASS = YES_ERROR;
				CLANG_WARN_RANGE_LOOP_ANALYSIS = YES;
				CLANG_WARN_STRICT_PROTOTYPES = YES;
				CLANG_WARN_SUSPICIOUS_MOVE = YES;
				CLANG_WARN_UNGUARDED_AVAILABILITY = YES_AGGRESSIVE;
				CLANG_WARN_UNREACHABLE_CODE = YES;
				CLANG_WARN__DUPLICATE_METHOD_MATCH = YES;
				CODE_SIGN_IDENTITY = "iPhone Developer";
				COPY_PHASE_STRIP = NO;
				DEBUG_INFORMATION_FORMAT = dwarf;
				ENABLE_STRICT_OBJC_MSGSEND = YES;
				ENABLE_TESTABILITY = YES;
				GCC_C_LANGUAGE_STANDARD = gnu11;
				GCC_DYNAMIC_NO_PIC = NO;
				GCC_NO_COMMON_BLOCKS = YES;
				GCC_OPTIMIZATION_LEVEL = 0;
				GCC_PREPROCESSOR_DEFINITIONS = (
					"DEBUG=1",
					"$(inherited)",
				);
				GCC_WARN_64_TO_32_BIT_CONVERSION = YES;
				GCC_WARN_ABOUT_RETURN_TYPE = YES_ERROR;
				GCC_WARN_UNDECLARED_SELECTOR = YES;
				GCC_WARN_UNINITIALIZED_AUTOS = YES_AGGRESSIVE;
				GCC_WARN_UNUSED_FUNCTION = YES;
				GCC_WARN_UNUSED_VARIABLE = YES;
				IPHONEOS_DEPLOYMENT_TARGET = 11.0;
				MTL_ENABLE_DEBUG_INFO = YES;
				ONLY_ACTIVE_ARCH = YES;
				SDKROOT = iphoneos;
				SWIFT_ACTIVE_COMPILATION_CONDITIONS = DEBUG;
				SWIFT_OPTIMIZATION_LEVEL = "-Onone";
			};
			name = Debug;
		};
		A74C4A3F1F83FA04006EDFD2 /* Release */ = {
			isa = XCBuildConfiguration;
			buildSettings = {
				ALWAYS_SEARCH_USER_PATHS = NO;
				CLANG_ANALYZER_NONNULL = YES;
				CLANG_ANALYZER_NUMBER_OBJECT_CONVERSION = YES_AGGRESSIVE;
				CLANG_CXX_LANGUAGE_STANDARD = "gnu++14";
				CLANG_CXX_LIBRARY = "libc++";
				CLANG_ENABLE_MODULES = YES;
				CLANG_ENABLE_OBJC_ARC = YES;
				CLANG_WARN_BLOCK_CAPTURE_AUTORELEASING = YES;
				CLANG_WARN_BOOL_CONVERSION = YES;
				CLANG_WARN_COMMA = YES;
				CLANG_WARN_CONSTANT_CONVERSION = YES;
				CLANG_WARN_DIRECT_OBJC_ISA_USAGE = YES_ERROR;
				CLANG_WARN_DOCUMENTATION_COMMENTS = YES;
				CLANG_WARN_EMPTY_BODY = YES;
				CLANG_WARN_ENUM_CONVERSION = YES;
				CLANG_WARN_INFINITE_RECURSION = YES;
				CLANG_WARN_INT_CONVERSION = YES;
				CLANG_WARN_NON_LITERAL_NULL_CONVERSION = YES;
				CLANG_WARN_OBJC_LITERAL_CONVERSION = YES;
				CLANG_WARN_OBJC_ROOT_CLASS = YES_ERROR;
				CLANG_WARN_RANGE_LOOP_ANALYSIS = YES;
				CLANG_WARN_STRICT_PROTOTYPES = YES;
				CLANG_WARN_SUSPICIOUS_MOVE = YES;
				CLANG_WARN_UNGUARDED_AVAILABILITY = YES_AGGRESSIVE;
				CLANG_WARN_UNREACHABLE_CODE = YES;
				CLANG_WARN__DUPLICATE_METHOD_MATCH = YES;
				CODE_SIGN_IDENTITY = "iPhone Developer";
				COPY_PHASE_STRIP = NO;
				DEBUG_INFORMATION_FORMAT = "dwarf-with-dsym";
				ENABLE_NS_ASSERTIONS = NO;
				ENABLE_STRICT_OBJC_MSGSEND = YES;
				GCC_C_LANGUAGE_STANDARD = gnu11;
				GCC_NO_COMMON_BLOCKS = YES;
				GCC_WARN_64_TO_32_BIT_CONVERSION = YES;
				GCC_WARN_ABOUT_RETURN_TYPE = YES_ERROR;
				GCC_WARN_UNDECLARED_SELECTOR = YES;
				GCC_WARN_UNINITIALIZED_AUTOS = YES_AGGRESSIVE;
				GCC_WARN_UNUSED_FUNCTION = YES;
				GCC_WARN_UNUSED_VARIABLE = YES;
				IPHONEOS_DEPLOYMENT_TARGET = 11.0;
				MTL_ENABLE_DEBUG_INFO = NO;
				SDKROOT = iphoneos;
				SWIFT_OPTIMIZATION_LEVEL = "-Owholemodule";
				VALIDATE_PRODUCT = YES;
			};
			name = Release;
		};
		A74C4A411F83FA04006EDFD2 /* Debug */ = {
			isa = XCBuildConfiguration;
			buildSettings = {
				ASSETCATALOG_COMPILER_APPICON_NAME = AppIcon;
				CODE_SIGN_STYLE = Automatic;
				INFOPLIST_FILE = CrossDirectionalNestedScrollView/Info.plist;
				LD_RUNPATH_SEARCH_PATHS = "$(inherited) @executable_path/Frameworks";
				PRODUCT_BUNDLE_IDENTIFIER = com.DarraghBlake.CrossDirectionalNestedScrollView;
				PRODUCT_NAME = "$(TARGET_NAME)";
				SWIFT_VERSION = 4.0;
				TARGETED_DEVICE_FAMILY = "1,2";
			};
			name = Debug;
		};
		A74C4A421F83FA04006EDFD2 /* Release */ = {
			isa = XCBuildConfiguration;
			buildSettings = {
				ASSETCATALOG_COMPILER_APPICON_NAME = AppIcon;
				CODE_SIGN_STYLE = Automatic;
				INFOPLIST_FILE = CrossDirectionalNestedScrollView/Info.plist;
				LD_RUNPATH_SEARCH_PATHS = "$(inherited) @executable_path/Frameworks";
				PRODUCT_BUNDLE_IDENTIFIER = com.DarraghBlake.CrossDirectionalNestedScrollView;
				PRODUCT_NAME = "$(TARGET_NAME)";
				SWIFT_VERSION = 4.0;
				TARGETED_DEVICE_FAMILY = "1,2";
			};
			name = Release;
		};
/* End XCBuildConfiguration section */

/* Begin XCConfigurationList section */
		A74C4A291F83FA03006EDFD2 /* Build configuration list for PBXProject "CrossDirectionalNestedScrollView" */ = {
			isa = XCConfigurationList;
			buildConfigurations = (
				A74C4A3E1F83FA04006EDFD2 /* Debug */,
				A74C4A3F1F83FA04006EDFD2 /* Release */,
			);
			defaultConfigurationIsVisible = 0;
			defaultConfigurationName = Release;
		};
		A74C4A401F83FA04006EDFD2 /* Build configuration list for PBXNativeTarget "CrossDirectionalNestedScrollView" */ = {
			isa = XCConfigurationList;
			buildConfigurations = (
				A74C4A411F83FA04006EDFD2 /* Debug */,
				A74C4A421F83FA04006EDFD2 /* Release */,
			);
			defaultConfigurationIsVisible = 0;
			defaultConfigurationName = Release;
		};
/* End XCConfigurationList section */
	};
	rootObject = A74C4A261F83FA03006EDFD2 /* Project object */;
}
